
Microsoft Visual Studio Solution File, Format Version 12.00
# Visual Studio Version 17
VisualStudioVersion = 17.10.35027.167
MinimumVisualStudioVersion = 10.0.40219.1
Project("{FAE04EC0-301F-11D3-BF4B-00C04F79EFBC}") = "nanolite-agent", "nanolite-agent.csproj", "{5C2C33DD-2A05-4B9E-8F98-5B37BC13CC65}"
EndProject
Global
	GlobalSection(SolutionConfigurationPlatforms) = preSolution
		Debug|x64 = Debug|x64
		Release|x64 = Release|x64
	EndGlobalSection
	GlobalSection(ProjectConfigurationPlatforms) = postSolution
		{5C2C33DD-2A05-4B9E-8F98-5B37BC13CC65}.Debug|x64.ActiveCfg = Debug|Any CPU
		{5C2C33DD-2A05-4B9E-8F98-5B37BC13CC65}.Debug|x64.Build.0 = Debug|Any CPU
		{5C2C33DD-2A05-4B9E-8F98-5B37BC13CC65}.Release|x64.ActiveCfg = Release|x64
		{5C2C33DD-2A05-4B9E-8F98-5B37BC13CC65}.Release|x64.Build.0 = Release|x64
	EndGlobalSection
	GlobalSection(SolutionProperties) = preSolution
		HideSolutionNode = FALSE
	EndGlobalSection
	GlobalSection(ExtensibilityGlobals) = postSolution
		SolutionGuid = {63BF9545-E112-48C9-BF62-1C780850D38E}
	EndGlobalSection
EndGlobal
